Microsoft Visual Studio Solution File, Format Version 12.00
# Visual Studio Version 17
VisualStudioVersion = 17.5.2.0
MinimumVisualStudioVersion = 10.0.40219.1
Project("{FAE04EC0-301F-11D3-BF4B-00C04F79EFBC}") = "AuthenticationRefreshTokens", "AuthenticationRefreshTokens.csproj", "{BF26ADFB-F543-C72A-3094-50D3E08EFD87}"
EndProject
Global
	GlobalSection(SolutionConfigurationPlatforms) = preSolution
		Debug|Any CPU = Debug|Any CPU
		Release|Any CPU = Release|Any CPU
	EndGlobalSection
	GlobalSection(ProjectConfigurationPlatforms) = postSolution
		{BF26ADFB-F543-C72A-3094-50D3E08EFD87}.Debug|Any CPU.ActiveCfg = Debug|Any CPU
		{BF26ADFB-F543-C72A-3094-50D3E08EFD87}.Debug|Any CPU.Build.0 = Debug|Any CPU
		{BF26ADFB-F543-C72A-3094-50D3E08EFD87}.Release|Any CPU.ActiveCfg = Release|Any CPU
		{BF26ADFB-F543-C72A-3094-50D3E08EFD87}.Release|Any CPU.Build.0 = Release|Any CPU
	EndGlobalSection
	GlobalSection(SolutionProperties) = preSolution
		HideSolutionNode = FALSE
	EndGlobalSection
	GlobalSection(ExtensibilityGlobals) = postSolution
		SolutionGuid = {BC93CF99-0E4D-4288-B894-2EA5985CC787}
	EndGlobalSection
EndGlobal
